
Microsoft Visual Studio Solution File, Format Version 12.00
# Visual Studio 15
Project("{FAE04EC0-301F-11D3-BF4B-00C04F79EFBC}") = "Assembly-CSharp", "Assembly-CSharp.csproj", "{1A436A65-A8ED-C1F6-FB56-80DBDE6AC87F}"
EndProject
Project("{FAE04EC0-301F-11D3-BF4B-00C04F79EFBC}") = "UniRx", "UniRx.csproj", "{AED3A95C-2E36-807F-6D50-188D60BED4B6}"
EndProject
Project("{FAE04EC0-301F-11D3-BF4B-00C04F79EFBC}") = "UniRx.Examples", "UniRx.Examples.csproj", "{73E1DDC6-9393-B161-6E4F-4F67389BA49D}"
EndProject
Global
	GlobalSection(SolutionConfigurationPlatforms) = preSolution
		Debug|Any CPU = Debug|Any CPU
		Release|Any CPU = Release|Any CPU
	EndGlobalSection
	GlobalSection(ProjectConfigurationPlatforms) = postSolution
		{1A436A65-A8ED-C1F6-FB56-80DBDE6AC87F}.Debug|Any CPU.ActiveCfg = Debug|Any CPU
		{1A436A65-A8ED-C1F6-FB56-80DBDE6AC87F}.Debug|Any CPU.Build.0 = Debug|Any CPU
		{1A436A65-A8ED-C1F6-FB56-80DBDE6AC87F}.Release|Any CPU.ActiveCfg = Release|Any CPU
		{1A436A65-A8ED-C1F6-FB56-80DBDE6AC87F}.Release|Any CPU.Build.0 = Release|Any CPU
		{AED3A95C-2E36-807F-6D50-188D60BED4B6}.Debug|Any CPU.ActiveCfg = Debug|Any CPU
		{AED3A95C-2E36-807F-6D50-188D60BED4B6}.Debug|Any CPU.Build.0 = Debug|Any CPU
		{AED3A95C-2E36-807F-6D50-188D60BED4B6}.Release|Any CPU.ActiveCfg = Release|Any CPU
		{AED3A95C-2E36-807F-6D50-188D60BED4B6}.Release|Any CPU.Build.0 = Release|Any CPU
		{73E1DDC6-9393-B161-6E4F-4F67389BA49D}.Debug|Any CPU.ActiveCfg = Debug|Any CPU
		{73E1DDC6-9393-B161-6E4F-4F67389BA49D}.Debug|Any CPU.Build.0 = Debug|Any CPU
		{73E1DDC6-9393-B161-6E4F-4F67389BA49D}.Release|Any CPU.ActiveCfg = Release|Any CPU
		{73E1DDC6-9393-B161-6E4F-4F67389BA49D}.Release|Any CPU.Build.0 = Release|Any CPU
	EndGlobalSection
	GlobalSection(SolutionProperties) = preSolution
		HideSolutionNode = FALSE
	EndGlobalSection
EndGlobal
