
Microsoft Visual Studio Solution File, Format Version 12.00
# Visual Studio 15
Project("{FAE04EC0-301F-11D3-BF4B-00C04F79EFBC}") = "UniRx", "UniRx.csproj", "{2CE83D6C-EAAF-79EE-1E1E-2212F20E3446}"
EndProject
Project("{FAE04EC0-301F-11D3-BF4B-00C04F79EFBC}") = "UniRx.Examples", "UniRx.Examples.csproj", "{0D16A50E-861A-ADCE-D7B9-3CED3ABB6E11}"
EndProject
Project("{FAE04EC0-301F-11D3-BF4B-00C04F79EFBC}") = "Assembly-CSharp", "Assembly-CSharp.csproj", "{CD948A78-EB88-E9B4-F462-CC54C7438740}"
EndProject
Global
	GlobalSection(SolutionConfigurationPlatforms) = preSolution
		Debug|Any CPU = Debug|Any CPU
		Release|Any CPU = Release|Any CPU
	EndGlobalSection
	GlobalSection(ProjectConfigurationPlatforms) = postSolution
		{2CE83D6C-EAAF-79EE-1E1E-2212F20E3446}.Debug|Any CPU.ActiveCfg = Debug|Any CPU
		{2CE83D6C-EAAF-79EE-1E1E-2212F20E3446}.Debug|Any CPU.Build.0 = Debug|Any CPU
		{2CE83D6C-EAAF-79EE-1E1E-2212F20E3446}.Release|Any CPU.ActiveCfg = Release|Any CPU
		{2CE83D6C-EAAF-79EE-1E1E-2212F20E3446}.Release|Any CPU.Build.0 = Release|Any CPU
		{0D16A50E-861A-ADCE-D7B9-3CED3ABB6E11}.Debug|Any CPU.ActiveCfg = Debug|Any CPU
		{0D16A50E-861A-ADCE-D7B9-3CED3ABB6E11}.Debug|Any CPU.Build.0 = Debug|Any CPU
		{0D16A50E-861A-ADCE-D7B9-3CED3ABB6E11}.Release|Any CPU.ActiveCfg = Release|Any CPU
		{0D16A50E-861A-ADCE-D7B9-3CED3ABB6E11}.Release|Any CPU.Build.0 = Release|Any CPU
		{CD948A78-EB88-E9B4-F462-CC54C7438740}.Debug|Any CPU.ActiveCfg = Debug|Any CPU
		{CD948A78-EB88-E9B4-F462-CC54C7438740}.Debug|Any CPU.Build.0 = Debug|Any CPU
		{CD948A78-EB88-E9B4-F462-CC54C7438740}.Release|Any CPU.ActiveCfg = Release|Any CPU
		{CD948A78-EB88-E9B4-F462-CC54C7438740}.Release|Any CPU.Build.0 = Release|Any CPU
	EndGlobalSection
	GlobalSection(SolutionProperties) = preSolution
		HideSolutionNode = FALSE
	EndGlobalSection
EndGlobal
